# generated by rye
# use `rye lock` or `rye sync` to update this lockfile
#
# last locked with the following flags:
#   pre: false
#   features: []
#   all-features: false
#   with-sources: false
#   generate-hashes: false
#   universal: false

-e file:.
asgiref==3.8.1
    # via django
    # via django-browser-reload
    # via django-htmx
black==24.4.2
cfgv==3.4.0
    # via pre-commit
click==8.1.7
    # via black
crispy-tailwind==1.0.3
    # via hiring-test-frontend-2024
distlib==0.3.8
    # via virtualenv
django==5.0.7
    # via crispy-tailwind
    # via django-browser-reload
    # via django-crispy-forms
    # via django-extensions
    # via django-htmx
    # via django-tailwind
    # via hiring-test-frontend-2024
django-browser-reload==1.13.0
    # via hiring-test-frontend-2024
django-crispy-forms==2.2
    # via crispy-tailwind
    # via hiring-test-frontend-2024
django-environ==0.11.2
    # via hiring-test-frontend-2024
django-extensions==3.2.3
    # via hiring-test-frontend-2024
django-htmx==1.18.0
    # via hiring-test-frontend-2024
django-tailwind==3.8.0
    # via hiring-test-frontend-2024
djhtml==3.0.6
filelock==3.15.4
    # via virtualenv
humanfriendly==10.0
    # via hiring-test-frontend-2024
identify==2.6.0
    # via pre-commit
mypy-extensions==1.0.0
    # via black
nodeenv==1.9.1
    # via pre-commit
packaging==24.1
    # via black
pathspec==0.12.1
    # via black
pip==24.1.2
platformdirs==4.2.2
    # via black
    # via virtualenv
pre-commit==3.7.1
pyyaml==6.0.1
    # via pre-commit
sqlparse==0.5.1
    # via django
virtualenv==20.26.3
    # via pre-commit
