# generated by rye
# use `rye lock` or `rye sync` to update this lockfile
#
# last locked with the following flags:
#   pre: false
#   features: []
#   all-features: false
#   with-sources: false
#   generate-hashes: false
#   universal: false

-e file:.
asgiref==3.8.1
    # via django
    # via django-browser-reload
    # via django-htmx
crispy-tailwind==1.0.3
    # via hiring-test-frontend-2024
django==5.0.7
    # via crispy-tailwind
    # via django-browser-reload
    # via django-crispy-forms
    # via django-extensions
    # via django-htmx
    # via django-tailwind
    # via hiring-test-frontend-2024
django-browser-reload==1.13.0
    # via hiring-test-frontend-2024
django-colorfield==0.11.0
    # via hiring-test-frontend-2024
django-crispy-forms==2.2
    # via crispy-tailwind
    # via hiring-test-frontend-2024
django-environ==0.11.2
    # via hiring-test-frontend-2024
django-extensions==3.2.3
    # via hiring-test-frontend-2024
django-htmx==1.18.0
    # via hiring-test-frontend-2024
django-tailwind==3.8.0
    # via hiring-test-frontend-2024
humanfriendly==10.0
    # via hiring-test-frontend-2024
pillow==10.4.0
    # via django-colorfield
sqlparse==0.5.1
    # via django
